
Microsoft Visual Studio Solution File, Format Version 12.00
# Visual Studio Version 17
VisualStudioVersion = 17.6.33815.320
MinimumVisualStudioVersion = 10.0.40219.1
Project("{FAE04EC0-301F-11D3-BF4B-00C04F79EFBC}") = "Deliverable_2", "Deliverable_2.csproj", "{1131F824-89AB-4C08-8BA9-D0E4119A771A}"
EndProject
Global
	GlobalSection(SolutionConfigurationPlatforms) = preSolution
		Debug|Any CPU = Debug|Any CPU
		Release|Any CPU = Release|Any CPU
	EndGlobalSection
	GlobalSection(ProjectConfigurationPlatforms) = postSolution
		{1131F824-89AB-4C08-8BA9-D0E4119A771A}.Debug|Any CPU.ActiveCfg = Debug|Any CPU
		{1131F824-89AB-4C08-8BA9-D0E4119A771A}.Debug|Any CPU.Build.0 = Debug|Any CPU
		{1131F824-89AB-4C08-8BA9-D0E4119A771A}.Release|Any CPU.ActiveCfg = Release|Any CPU
		{1131F824-89AB-4C08-8BA9-D0E4119A771A}.Release|Any CPU.Build.0 = Release|Any CPU
	EndGlobalSection
	GlobalSection(SolutionProperties) = preSolution
		HideSolutionNode = FALSE
	EndGlobalSection
	GlobalSection(ExtensibilityGlobals) = postSolution
		SolutionGuid = {BAF3EE9A-661A-4A26-983A-3EC7B9956D40}
	EndGlobalSection
EndGlobal
